Microsoft Visual Studio Solution File, Format Version 12.00
# Visual Studio Version 17
VisualStudioVersion = 17.5.2.0
MinimumVisualStudioVersion = 10.0.40219.1
Project("{2150E333-8FDC-42A3-9474-1A3956D46DE8}") = "student-projet-main", "student-projet-main", "{723D0873-BDA8-117D-7775-B773C589D856}"
EndProject
Project("{FAE04EC0-301F-11D3-BF4B-00C04F79EFBC}") = "StudentProjectAPI", "student-projet-main\StudentProjectAPI\StudentProjectAPI.csproj", "{0EE96C7D-F877-AC00-DE2E-0CF0A06546CC}"
EndProject
Project("{FAE04EC0-301F-11D3-BF4B-00C04F79EFBC}") = "StudentProjectFront", "student-projet-main\StudentProjectFront\StudentProjectFront.csproj", "{27A4C1BF-BC1E-34F8-898C-DDFD9C731FA8}"
EndProject
Global
	GlobalSection(SolutionConfigurationPlatforms) = preSolution
		Debug|Any CPU = Debug|Any CPU
		Release|Any CPU = Release|Any CPU
	EndGlobalSection
	GlobalSection(ProjectConfigurationPlatforms) = postSolution
		{0EE96C7D-F877-AC00-DE2E-0CF0A06546CC}.Debug|Any CPU.ActiveCfg = Debug|Any CPU
		{0EE96C7D-F877-AC00-DE2E-0CF0A06546CC}.Debug|Any CPU.Build.0 = Debug|Any CPU
		{0EE96C7D-F877-AC00-DE2E-0CF0A06546CC}.Release|Any CPU.ActiveCfg = Release|Any CPU
		{0EE96C7D-F877-AC00-DE2E-0CF0A06546CC}.Release|Any CPU.Build.0 = Release|Any CPU
		{27A4C1BF-BC1E-34F8-898C-DDFD9C731FA8}.Debug|Any CPU.ActiveCfg = Debug|Any CPU
		{27A4C1BF-BC1E-34F8-898C-DDFD9C731FA8}.Debug|Any CPU.Build.0 = Debug|Any CPU
		{27A4C1BF-BC1E-34F8-898C-DDFD9C731FA8}.Release|Any CPU.ActiveCfg = Release|Any CPU
		{27A4C1BF-BC1E-34F8-898C-DDFD9C731FA8}.Release|Any CPU.Build.0 = Release|Any CPU
	EndGlobalSection
	GlobalSection(SolutionProperties) = preSolution
		HideSolutionNode = FALSE
	EndGlobalSection
	GlobalSection(NestedProjects) = preSolution
		{0EE96C7D-F877-AC00-DE2E-0CF0A06546CC} = {723D0873-BDA8-117D-7775-B773C589D856}
		{27A4C1BF-BC1E-34F8-898C-DDFD9C731FA8} = {723D0873-BDA8-117D-7775-B773C589D856}
	EndGlobalSection
	GlobalSection(ExtensibilityGlobals) = postSolution
		SolutionGuid = {556ADFFF-88DA-4D20-B50F-9266764ECA2D}
	EndGlobalSection
EndGlobal
